
Microsoft Visual Studio Solution File, Format Version 12.00
Project("{FAE04EC0-301F-11D3-BF4B-00C04F79EFBC}") = "HabitTracker", "HabitTracker.csproj", "{C106BC51-A8C8-4D26-AF0C-8F232AB146A3}"
EndProject
Project("{FAE04EC0-301F-11D3-BF4B-00C04F79EFBC}") = "HabitTracker.UnitTests", "HabitTracker.UnitTests\HabitTracker.UnitTests.csproj", "{2EC45CD6-53DF-451B-949E-7579627E3551}"
EndProject
Global
	GlobalSection(SolutionConfigurationPlatforms) = preSolution
		Debug|Any CPU = Debug|Any CPU
		Release|Any CPU = Release|Any CPU
	EndGlobalSection
	GlobalSection(ProjectConfigurationPlatforms) = postSolution
		{C106BC51-A8C8-4D26-AF0C-8F232AB146A3}.Debug|Any CPU.ActiveCfg = Debug|Any CPU
		{C106BC51-A8C8-4D26-AF0C-8F232AB146A3}.Debug|Any CPU.Build.0 = Debug|Any CPU
		{C106BC51-A8C8-4D26-AF0C-8F232AB146A3}.Release|Any CPU.ActiveCfg = Release|Any CPU
		{C106BC51-A8C8-4D26-AF0C-8F232AB146A3}.Release|Any CPU.Build.0 = Release|Any CPU
		{2EC45CD6-53DF-451B-949E-7579627E3551}.Debug|Any CPU.ActiveCfg = Debug|Any CPU
		{2EC45CD6-53DF-451B-949E-7579627E3551}.Debug|Any CPU.Build.0 = Debug|Any CPU
		{2EC45CD6-53DF-451B-949E-7579627E3551}.Release|Any CPU.ActiveCfg = Release|Any CPU
		{2EC45CD6-53DF-451B-949E-7579627E3551}.Release|Any CPU.Build.0 = Release|Any CPU
	EndGlobalSection
EndGlobal
